
Microsoft Visual Studio Solution File, Format Version 12.00
# Visual Studio Version 17
VisualStudioVersion = 17.10.34916.146
MinimumVisualStudioVersion = 10.0.40219.1
Project("{FAE04EC0-301F-11D3-BF4B-00C04F79EFBC}") = "SCP500", "SCP500.csproj", "{6E3193EF-4A8F-4EEF-A7A4-F30E09DD5DDD}"
EndProject
Global
	GlobalSection(SolutionConfigurationPlatforms) = preSolution
		Debug|Any CPU = Debug|Any CPU
		Release|Any CPU = Release|Any CPU
	EndGlobalSection
	GlobalSection(ProjectConfigurationPlatforms) = postSolution
		{6E3193EF-4A8F-4EEF-A7A4-F30E09DD5DDD}.Debug|Any CPU.ActiveCfg = Debug|Any CPU
		{6E3193EF-4A8F-4EEF-A7A4-F30E09DD5DDD}.Debug|Any CPU.Build.0 = Debug|Any CPU
		{6E3193EF-4A8F-4EEF-A7A4-F30E09DD5DDD}.Release|Any CPU.ActiveCfg = Release|Any CPU
		{6E3193EF-4A8F-4EEF-A7A4-F30E09DD5DDD}.Release|Any CPU.Build.0 = Release|Any CPU
	EndGlobalSection
	GlobalSection(SolutionProperties) = preSolution
		HideSolutionNode = FALSE
	EndGlobalSection
	GlobalSection(ExtensibilityGlobals) = postSolution
		SolutionGuid = {F844DDF0-6F30-4BAB-B8BB-F68DD720FC72}
	EndGlobalSection
EndGlobal
